# This file is generated by running "yarn install" inside your project.
# Manual changes might be lost - proceed with caution!

__metadata:
  version: 6
  cacheKey: 8

"@rometools/cli-darwin-arm64@npm:12.0.0":
  version: 12.0.0
  resolution: "@rometools/cli-darwin-arm64@npm:12.0.0"
  conditions: os=darwin & cpu=arm64
  languageName: node
  linkType: hard

"@rometools/cli-darwin-x64@npm:12.0.0":
  version: 12.0.0
  resolution: "@rometools/cli-darwin-x64@npm:12.0.0"
  conditions: os=darwin & cpu=x64
  languageName: node
  linkType: hard

"@rometools/cli-linux-arm64@npm:12.0.0":
  version: 12.0.0
  resolution: "@rometools/cli-linux-arm64@npm:12.0.0"
  conditions: os=linux & cpu=arm64
  languageName: node
  linkType: hard

"@rometools/cli-linux-x64@npm:12.0.0":
  version: 12.0.0
  resolution: "@rometools/cli-linux-x64@npm:12.0.0"
  conditions: os=linux & cpu=x64
  languageName: node
  linkType: hard

"@rometools/cli-win32-arm64@npm:12.0.0":
  version: 12.0.0
  resolution: "@rometools/cli-win32-arm64@npm:12.0.0"
  conditions: os=win32 & cpu=arm64
  languageName: node
  linkType: hard

"@rometools/cli-win32-x64@npm:12.0.0":
  version: 12.0.0
  resolution: "@rometools/cli-win32-x64@npm:12.0.0"
  conditions: os=win32 & cpu=x64
  languageName: node
  linkType: hard

"@sindresorhus/is@npm:^5.2.0":
  version: 5.3.0
  resolution: "@sindresorhus/is@npm:5.3.0"
  checksum: b31cebabcdece3d5322de2a4dbc8c0f004e04147a00f2606787bcaf5655ad4b1954f6727fc6914c524009b2b9a2cc01c42835b55f651ce69fd2a0083b60bb852
  languageName: node
  linkType: hard

"@szmarczak/http-timer@npm:^5.0.1":
  version: 5.0.1
  resolution: "@szmarczak/http-timer@npm:5.0.1"
  dependencies:
    defer-to-connect: ^2.0.1
  checksum: fc9cb993e808806692e4a3337c90ece0ec00c89f4b67e3652a356b89730da98bc824273a6d67ca84d5f33cd85f317dcd5ce39d8cc0a2f060145a608a7cb8ce92
  languageName: node
  linkType: hard

"@types/http-cache-semantics@npm:^4.0.1":
  version: 4.0.1
  resolution: "@types/http-cache-semantics@npm:4.0.1"
  checksum: 1048aacf627829f0d5f00184e16548205cd9f964bf0841c29b36bc504509230c40bc57c39778703a1c965a6f5b416ae2cbf4c1d4589c889d2838dd9dbfccf6e9
  languageName: node
  linkType: hard

"base64-to-sing-box@workspace:.":
  version: 0.0.0-use.local
  resolution: "base64-to-sing-box@workspace:."
  dependencies:
    cac: ^6.7.14
    got: ^12.6.0
    rome: ^12.0.0
  languageName: unknown
  linkType: soft

"cac@npm:^6.7.14":
  version: 6.7.14
  resolution: "cac@npm:6.7.14"
  checksum: 45a2496a9443abbe7f52a49b22fbe51b1905eff46e03fd5e6c98e3f85077be3f8949685a1849b1a9cd2bc3e5567dfebcf64f01ce01847baf918f1b37c839791a
  languageName: node
  linkType: hard

"cacheable-lookup@npm:^7.0.0":
  version: 7.0.0
  resolution: "cacheable-lookup@npm:7.0.0"
  checksum: 9e2856763fc0a7347ab34d704c010440b819d4bb5e3593b664381b7433e942dd22e67ee5581f12256f908e79b82d30b86ebbacf40a081bfe10ee93fbfbc2d6a9
  languageName: node
  linkType: hard

"cacheable-request@npm:^10.2.8":
  version: 10.2.9
  resolution: "cacheable-request@npm:10.2.9"
  dependencies:
    "@types/http-cache-semantics": ^4.0.1
    get-stream: ^6.0.1
    http-cache-semantics: ^4.1.1
    keyv: ^4.5.2
    mimic-response: ^4.0.0
    normalize-url: ^8.0.0
    responselike: ^3.0.0
  checksum: ee1c957138596ea564f7d4ff77bbbf5d3b48439c5aa60fa4046f14baafcbac5af235f107dd005f641f6320bfa3f261a31593154c59107840c0be0742a682013f
  languageName: node
  linkType: hard

"decompress-response@npm:^6.0.0":
  version: 6.0.0
  resolution: "decompress-response@npm:6.0.0"
  dependencies:
    mimic-response: ^3.1.0
  checksum: d377cf47e02d805e283866c3f50d3d21578b779731e8c5072d6ce8c13cc31493db1c2f6784da9d1d5250822120cefa44f1deab112d5981015f2e17444b763812
  languageName: node
  linkType: hard

"defer-to-connect@npm:^2.0.1":
  version: 2.0.1
  resolution: "defer-to-connect@npm:2.0.1"
  checksum: 8a9b50d2f25446c0bfefb55a48e90afd58f85b21bcf78e9207cd7b804354f6409032a1705c2491686e202e64fc05f147aa5aa45f9aa82627563f045937f5791b
  languageName: node
  linkType: hard

"form-data-encoder@npm:^2.1.2":
  version: 2.1.4
  resolution: "form-data-encoder@npm:2.1.4"
  checksum: e0b3e5950fb69b3f32c273944620f9861f1933df9d3e42066e038e26dfb343d0f4465de9f27e0ead1a09d9df20bc2eed06a63c2ca2f8f00949e7202bae9e29dd
  languageName: node
  linkType: hard

"get-stream@npm:^6.0.1":
  version: 6.0.1
  resolution: "get-stream@npm:6.0.1"
  checksum: e04ecece32c92eebf5b8c940f51468cd53554dcbb0ea725b2748be583c9523d00128137966afce410b9b051eb2ef16d657cd2b120ca8edafcf5a65e81af63cad
  languageName: node
  linkType: hard

"got@npm:^12.6.0":
  version: 12.6.0
  resolution: "got@npm:12.6.0"
  dependencies:
    "@sindresorhus/is": ^5.2.0
    "@szmarczak/http-timer": ^5.0.1
    cacheable-lookup: ^7.0.0
    cacheable-request: ^10.2.8
    decompress-response: ^6.0.0
    form-data-encoder: ^2.1.2
    get-stream: ^6.0.1
    http2-wrapper: ^2.1.10
    lowercase-keys: ^3.0.0
    p-cancelable: ^3.0.0
    responselike: ^3.0.0
  checksum: 3621897067068dcb3578d05535cfb10f60aac07198032b3349a488f5741964e7f63d6e37c976840f1bcaaf42f5c049ed3c6d8e0d6c622b74639ca9319ad178a1
  languageName: node
  linkType: hard

"http-cache-semantics@npm:^4.1.1":
  version: 4.1.1
  resolution: "http-cache-semantics@npm:4.1.1"
  checksum: 83ac0bc60b17a3a36f9953e7be55e5c8f41acc61b22583060e8dedc9dd5e3607c823a88d0926f9150e571f90946835c7fe150732801010845c72cd8bbff1a236
  languageName: node
  linkType: hard

"http2-wrapper@npm:^2.1.10":
  version: 2.2.0
  resolution: "http2-wrapper@npm:2.2.0"
  dependencies:
    quick-lru: ^5.1.1
    resolve-alpn: ^1.2.0
  checksum: 6fd20e5cb6a58151715b3581e06a62a47df943187d2d1f69e538a50cccb7175dd334ecfde7900a37d18f3e13a1a199518a2c211f39860e81e9a16210c199cfaa
  languageName: node
  linkType: hard

"json-buffer@npm:3.0.1":
  version: 3.0.1
  resolution: "json-buffer@npm:3.0.1"
  checksum: 9026b03edc2847eefa2e37646c579300a1f3a4586cfb62bf857832b60c852042d0d6ae55d1afb8926163fa54c2b01d83ae24705f34990348bdac6273a29d4581
  languageName: node
  linkType: hard

"keyv@npm:^4.5.2":
  version: 4.5.2
  resolution: "keyv@npm:4.5.2"
  dependencies:
    json-buffer: 3.0.1
  checksum: 13ad58303acd2261c0d4831b4658451603fd159e61daea2121fcb15feb623e75ee328cded0572da9ca76b7b3ceaf8e614f1806c6b3af5db73c9c35a345259651
  languageName: node
  linkType: hard

"lowercase-keys@npm:^3.0.0":
  version: 3.0.0
  resolution: "lowercase-keys@npm:3.0.0"
  checksum: 67a3f81409af969bc0c4ca0e76cd7d16adb1e25aa1c197229587eaf8671275c8c067cd421795dbca4c81be0098e4c426a086a05e30de8a9c587b7a13c0c7ccc5
  languageName: node
  linkType: hard

"mimic-response@npm:^3.1.0":
  version: 3.1.0
  resolution: "mimic-response@npm:3.1.0"
  checksum: 25739fee32c17f433626bf19f016df9036b75b3d84a3046c7d156e72ec963dd29d7fc8a302f55a3d6c5a4ff24259676b15d915aad6480815a969ff2ec0836867
  languageName: node
  linkType: hard

"mimic-response@npm:^4.0.0":
  version: 4.0.0
  resolution: "mimic-response@npm:4.0.0"
  checksum: 33b804cc961efe206efdb1fca6a22540decdcfce6c14eb5c0c50e5ae9022267ab22ce8f5568b1f7247ba67500fe20d523d81e0e9f009b321ccd9d472e78d1850
  languageName: node
  linkType: hard

"normalize-url@npm:^8.0.0":
  version: 8.0.0
  resolution: "normalize-url@npm:8.0.0"
  checksum: 24c20b75ebfd526d8453084692720b49d111c63c0911f1b7447427829597841eef5a8ba3f6bb93d6654007b991c1f5cd85da2c907800e439e2e2ec6c2abd0fc0
  languageName: node
  linkType: hard

"p-cancelable@npm:^3.0.0":
  version: 3.0.0
  resolution: "p-cancelable@npm:3.0.0"
  checksum: 2b5ae34218f9c2cf7a7c18e5d9a726ef9b165ef07e6c959f6738371509e747334b5f78f3bcdeb03d8a12dcb978faf641fd87eb21486ed7d36fb823b8ddef3219
  languageName: node
  linkType: hard

"quick-lru@npm:^5.1.1":
  version: 5.1.1
  resolution: "quick-lru@npm:5.1.1"
  checksum: a516faa25574be7947969883e6068dbe4aa19e8ef8e8e0fd96cddd6d36485e9106d85c0041a27153286b0770b381328f4072aa40d3b18a19f5f7d2b78b94b5ed
  languageName: node
  linkType: hard

"resolve-alpn@npm:^1.2.0":
  version: 1.2.1
  resolution: "resolve-alpn@npm:1.2.1"
  checksum: f558071fcb2c60b04054c99aebd572a2af97ef64128d59bef7ab73bd50d896a222a056de40ffc545b633d99b304c259ea9d0c06830d5c867c34f0bfa60b8eae0
  languageName: node
  linkType: hard

"responselike@npm:^3.0.0":
  version: 3.0.0
  resolution: "responselike@npm:3.0.0"
  dependencies:
    lowercase-keys: ^3.0.0
  checksum: e0cc9be30df4f415d6d83cdede3c5c887cd4a73e7cc1708bcaab1d50a28d15acb68460ac5b02bcc55a42f3d493729c8856427dcf6e57e6e128ad05cba4cfb95e
  languageName: node
  linkType: hard

"rome@npm:^12.0.0":
  version: 12.0.0
  resolution: "rome@npm:12.0.0"
  dependencies:
    "@rometools/cli-darwin-arm64": 12.0.0
    "@rometools/cli-darwin-x64": 12.0.0
    "@rometools/cli-linux-arm64": 12.0.0
    "@rometools/cli-linux-x64": 12.0.0
    "@rometools/cli-win32-arm64": 12.0.0
    "@rometools/cli-win32-x64": 12.0.0
  dependenciesMeta:
    "@rometools/cli-darwin-arm64":
      optional: true
    "@rometools/cli-darwin-x64":
      optional: true
    "@rometools/cli-linux-arm64":
      optional: true
    "@rometools/cli-linux-x64":
      optional: true
    "@rometools/cli-win32-arm64":
      optional: true
    "@rometools/cli-win32-x64":
      optional: true
  bin:
    rome: bin/rome
  checksum: e26adcf06da28ec61b048b69f0387ad72c0f105444cb59f633f330aa9975e382f4055c6d17748e6630b303a33d87c5a3a0fc465bbb1054b74b88f01d14a70529
  languageName: node
  linkType: hard
